// !$*UTF8*$!
{
	archiveVersion = 1;
	classes = {
	};
	objectVersion = 46;
	objects = {

/* Begin PBXBuildFile section */
		250B37DF1808613B009EB170 /* SettingsSegmentedControlCell.m in Sources */ = {isa = PBXBuildFile; fileRef = 250B37DE1808613B009EB170 /* SettingsSegmentedControlCell.m */; };
		250D487817BFFFB1006B4C29 /* ContentStatusView.m in Sources */ = {isa = PBXBuildFile; fileRef = 250D487717BFFFB1006B4C29 /* ContentStatusView.m */; };
		25180CA117DFD534002675F1 /* MobileCoreServices.framework in Frameworks */ = {isa = PBXBuildFile; fileRef = 25180CA017DFD534002675F1 /* MobileCoreServices.framework */; };
		25180CA217DFD541002675F1 /* SystemConfiguration.framework in Frameworks */ = {isa = PBXBuildFile; fileRef = 255BAA76179B55E4009B42BF /* SystemConfiguration.framework */; };
		251DEA42178CF3EA0094A6CB /* SettingsPlatformCell.m in Sources */ = {isa = PBXBuildFile; fileRef = 251DEA41178CF3EA0094A6CB /* SettingsPlatformCell.m */; };
		2531E820176CDA35005881A4 /* CoreData.framework in Frameworks */ = {isa = PBXBuildFile; fileRef = 2531E81F176CDA35005881A4 /* CoreData.framework */; };
		2531E822176CDA48005881A4 /* QuartzCore.framework in Frameworks */ = {isa = PBXBuildFile; fileRef = 2531E821176CDA48005881A4 /* QuartzCore.framework */; };
		2531E839176CDB60005881A4 /* WishlistTableViewController.m in Sources */ = {isa = PBXBuildFile; fileRef = 2506A17E176CD4EA0010E61D /* WishlistTableViewController.m */; };
		2531E83C176CDB60005881A4 /* SearchTableViewController.m in Sources */ = {isa = PBXBuildFile; fileRef = 2506A184176CD5480010E61D /* SearchTableViewController.m */; };
		2531E83D176CDB60005881A4 /* GameTableViewController.m in Sources */ = {isa = PBXBuildFile; fileRef = 2506A186176CD5540010E61D /* GameTableViewController.m */; };
		2531E83E176CDB60005881A4 /* SettingsTableViewController.m in Sources */ = {isa = PBXBuildFile; fileRef = 2506A188176CD5620010E61D /* SettingsTableViewController.m */; };
		2531E83F176CDB60005881A4 /* FetchedTableViewController.m in Sources */ = {isa = PBXBuildFile; fileRef = 2506A18A176CD5B80010E61D /* FetchedTableViewController.m */; };
		2531E840176CDB60005881A4 /* WishlistSectionHeaderView.m in Sources */ = {isa = PBXBuildFile; fileRef = 2506A17C176CD4B30010E61D /* WishlistSectionHeaderView.m */; };
		2531E841176CDB60005881A4 /* WishlistCell.m in Sources */ = {isa = PBXBuildFile; fileRef = 2506A174176CD4160010E61D /* WishlistCell.m */; };
		2531E856176CDBDD005881A4 /* Tools.m in Sources */ = {isa = PBXBuildFile; fileRef = 2531E853176CDBB1005881A4 /* Tools.m */; };
		2531E857176CDBDD005881A4 /* Session.m in Sources */ = {isa = PBXBuildFile; fileRef = 2531E855176CDBBB005881A4 /* Session.m */; };
		2531E858176CDBEF005881A4 /* Model.xcdatamodeld in Sources */ = {isa = PBXBuildFile; fileRef = 2570405D176CB55500642430 /* Model.xcdatamodeld */; };
		2531E85B176CDC68005881A4 /* SearchResult.m in Sources */ = {isa = PBXBuildFile; fileRef = 2531E85A176CDC3B005881A4 /* SearchResult.m */; };
		253B57EB182B252600617E3B /* Platform.m in Sources */ = {isa = PBXBuildFile; fileRef = 253B57EA182B252600617E3B /* Platform.m */; };
		253B57F21834536B00617E3B /* MessageUI.framework in Frameworks */ = {isa = PBXBuildFile; fileRef = 253B57F11834536B00617E3B /* MessageUI.framework */; };
		255593223FA84C439B281EF6 /* libPods.a in Frameworks */ = {isa = PBXBuildFile; fileRef = AFBC96E4CE0C44DF858F57A6 /* libPods.a */; };
		255BAA79179B566E009B42BF /* AdSupport.framework in Frameworks */ = {isa = PBXBuildFile; fileRef = 255BAA78179B566E009B42BF /* AdSupport.framework */; };
		25704026176CB12800642430 /* Foundation.framework in Frameworks */ = {isa = PBXBuildFile; fileRef = 25704025176CB12800642430 /* Foundation.framework */; };
		25704028176CB12800642430 /* CoreGraphics.framework in Frameworks */ = {isa = PBXBuildFile; fileRef = 25704027176CB12800642430 /* CoreGraphics.framework */; };
		2570402A176CB12800642430 /* UIKit.framework in Frameworks */ = {isa = PBXBuildFile; fileRef = 25704029176CB12800642430 /* UIKit.framework */; };
		25704030176CB12800642430 /* InfoPlist.strings in Resources */ = {isa = PBXBuildFile; fileRef = 2570402E176CB12800642430 /* InfoPlist.strings */; };
		25704032176CB12800642430 /* main.m in Sources */ = {isa = PBXBuildFile; fileRef = 25704031176CB12800642430 /* main.m */; };
		25704036176CB12800642430 /* GamerAppDelegate.m in Sources */ = {isa = PBXBuildFile; fileRef = 25704035176CB12800642430 /* GamerAppDelegate.m */; };
		25704039176CB12800642430 /* iPhone.storyboard in Resources */ = {isa = PBXBuildFile; fileRef = 25704037176CB12800642430 /* iPhone.storyboard */; };
		2570403E176CB12800642430 /* Images.xcassets in Resources */ = {isa = PBXBuildFile; fileRef = 2570403D176CB12800642430 /* Images.xcassets */; };
		25704045176CB12800642430 /* XCTest.framework in Frameworks */ = {isa = PBXBuildFile; fileRef = 25704044176CB12800642430 /* XCTest.framework */; };
		25704046176CB12800642430 /* Foundation.framework in Frameworks */ = {isa = PBXBuildFile; fileRef = 25704025176CB12800642430 /* Foundation.framework */; };
		25704047176CB12800642430 /* UIKit.framework in Frameworks */ = {isa = PBXBuildFile; fileRef = 25704029176CB12800642430 /* UIKit.framework */; };
		2570404F176CB12800642430 /* InfoPlist.strings in Resources */ = {isa = PBXBuildFile; fileRef = 2570404D176CB12800642430 /* InfoPlist.strings */; };
		25704051176CB12800642430 /* GamerTests.m in Sources */ = {isa = PBXBuildFile; fileRef = 25704050176CB12800642430 /* GamerTests.m */; };
		257880581794EF70004C28E3 /* PlatformCollectionCell.m in Sources */ = {isa = PBXBuildFile; fileRef = 257880571794EF70004C28E3 /* PlatformCollectionCell.m */; };
		257E18C3182453460088699B /* SearchViewController.m in Sources */ = {isa = PBXBuildFile; fileRef = 257E18C2182453460088699B /* SearchViewController.m */; };
		2593051717C90017001DC04B /* MetacriticViewController.m in Sources */ = {isa = PBXBuildFile; fileRef = 2593051617C90017001DC04B /* MetacriticViewController.m */; };
		25998C02181093F400F1AA8F /* ReleaseDate.m in Sources */ = {isa = PBXBuildFile; fileRef = 25998C01181093F400F1AA8F /* ReleaseDate.m */; };
		25998C05181093F500F1AA8F /* Franchise.m in Sources */ = {isa = PBXBuildFile; fileRef = 25998C04181093F500F1AA8F /* Franchise.m */; };
		25998C08181093F500F1AA8F /* CoverImage.m in Sources */ = {isa = PBXBuildFile; fileRef = 25998C07181093F500F1AA8F /* CoverImage.m */; };
		25998C0B181093F500F1AA8F /* Genre.m in Sources */ = {isa = PBXBuildFile; fileRef = 25998C0A181093F500F1AA8F /* Genre.m */; };
		25998C11181093F500F1AA8F /* Video.m in Sources */ = {isa = PBXBuildFile; fileRef = 25998C10181093F500F1AA8F /* Video.m */; };
		25998C14181093F500F1AA8F /* Publisher.m in Sources */ = {isa = PBXBuildFile; fileRef = 25998C13181093F500F1AA8F /* Publisher.m */; };
		25998C17181093F500F1AA8F /* ReleasePeriod.m in Sources */ = {isa = PBXBuildFile; fileRef = 25998C16181093F500F1AA8F /* ReleasePeriod.m */; };
		25998C1A181093F500F1AA8F /* Developer.m in Sources */ = {isa = PBXBuildFile; fileRef = 25998C19181093F500F1AA8F /* Developer.m */; };
		25998C1D181093F500F1AA8F /* Image.m in Sources */ = {isa = PBXBuildFile; fileRef = 25998C1C181093F500F1AA8F /* Image.m */; };
		25998C20181093F500F1AA8F /* SimilarGame.m in Sources */ = {isa = PBXBuildFile; fileRef = 25998C1F181093F500F1AA8F /* SimilarGame.m */; };
		25998C26181093F500F1AA8F /* Theme.m in Sources */ = {isa = PBXBuildFile; fileRef = 25998C25181093F500F1AA8F /* Theme.m */; };
		25998C29181093F500F1AA8F /* Gamer.m in Sources */ = {isa = PBXBuildFile; fileRef = 25998C28181093F500F1AA8F /* Gamer.m */; };
		259DBBAF18958D0700B274F4 /* NSString+FetchedGroupByString.m in Sources */ = {isa = PBXBuildFile; fileRef = 259DBBAE18958D0700B274F4 /* NSString+FetchedGroupByString.m */; };
		259DBBB21895A79700B274F4 /* LibraryFilterView.m in Sources */ = {isa = PBXBuildFile; fileRef = 259DBBB11895A79700B274F4 /* LibraryFilterView.m */; };
		259DD14617ADBE8600FAD645 /* SearchCell.m in Sources */ = {isa = PBXBuildFile; fileRef = 259DD14517ADBE8600FAD645 /* SearchCell.m */; };
		259E4A401808ACAB00C1AC99 /* SimilarGameCollectionCell.m in Sources */ = {isa = PBXBuildFile; fileRef = 259E4A3F1808ACAB00C1AC99 /* SimilarGameCollectionCell.m */; };
		25B094051824882E003A0365 /* SearchCollectionCell.m in Sources */ = {isa = PBXBuildFile; fileRef = 25B094041824882E003A0365 /* SearchCollectionCell.m */; };
		25B094081829BFA4003A0365 /* iPadTabBarController.m in Sources */ = {isa = PBXBuildFile; fileRef = 25B094071829BFA4003A0365 /* iPadTabBarController.m */; };
		25B9E9C017A0B70200881089 /* LibraryViewController.m in Sources */ = {isa = PBXBuildFile; fileRef = 25B9E9BF17A0B70200881089 /* LibraryViewController.m */; };
		25B9E9C317A0B79000881089 /* LibraryCollectionCell.m in Sources */ = {isa = PBXBuildFile; fileRef = 25B9E9C217A0B79000881089 /* LibraryCollectionCell.m */; };
		25BE617A17EFC4D3008F5AB8 /* RotationLockedTabBarController.m in Sources */ = {isa = PBXBuildFile; fileRef = 25BE617917EFC4D3008F5AB8 /* RotationLockedTabBarController.m */; };
		25C9FE3017CBFF8800CCDD59 /* WishlistCollectionCell.m in Sources */ = {isa = PBXBuildFile; fileRef = 25C9FE2F17CBFF8800CCDD59 /* WishlistCollectionCell.m */; };
		25C9FE3917CC4C4500CCDD59 /* WishlistViewController.m in Sources */ = {isa = PBXBuildFile; fileRef = 25C9FE3817CC4C4500CCDD59 /* WishlistViewController.m */; };
		25C9FE4517CD729E00CCDD59 /* HeaderCollectionReusableView.m in Sources */ = {isa = PBXBuildFile; fileRef = 25C9FE4417CD729E00CCDD59 /* HeaderCollectionReusableView.m */; };
		25C9FE7217DA2B0100CCDD59 /* iPhone.xib in Resources */ = {isa = PBXBuildFile; fileRef = 25C9FE7117DA2B0100CCDD59 /* iPhone.xib */; };
		25C9FE7417DA2B0E00CCDD59 /* iPad.xib in Resources */ = {isa = PBXBuildFile; fileRef = 25C9FE7317DA2B0E00CCDD59 /* iPad.xib */; };
		25C9FE7717DA7FB400CCDD59 /* TrailerViewController.m in Sources */ = {isa = PBXBuildFile; fileRef = 25C9FE7617DA7FB400CCDD59 /* TrailerViewController.m */; };
		25CF6AE9180B697B000E51B2 /* Networking.m in Sources */ = {isa = PBXBuildFile; fileRef = 25CF6AE8180B697B000E51B2 /* Networking.m */; };
		25CFD2AC17AF05D100FF4B91 /* iPad.storyboard in Resources */ = {isa = PBXBuildFile; fileRef = 25CFD2AB17AF05D100FF4B91 /* iPad.storyboard */; };
		25D2E601178BB22900C7EDDB /* ImageViewerViewController.m in Sources */ = {isa = PBXBuildFile; fileRef = 25D2E600178BB22900C7EDDB /* ImageViewerViewController.m */; };
		25EB1BDF1784F23900A5A2A8 /* ImageCollectionCell.m in Sources */ = {isa = PBXBuildFile; fileRef = 25EB1BDE1784F23900A5A2A8 /* ImageCollectionCell.m */; };
		25EB1BE2178505AA00A5A2A8 /* VideoCollectionCell.m in Sources */ = {isa = PBXBuildFile; fileRef = 25EB1BE1178505AA00A5A2A8 /* VideoCollectionCell.m */; };
		25EE8CD818AAE938003E979E /* Game.m in Sources */ = {isa = PBXBuildFile; fileRef = 25EE8CD718AAE938003E979E /* Game.m */; };
/* End PBXBuildFile section */

/* Begin PBXContainerItemProxy section */
		25704048176CB12800642430 /* PBXContainerItemProxy */ = {
			isa = PBXContainerItemProxy;
			containerPortal = 2570401A176CB12800642430 /* Project object */;
			proxyType = 1;
			remoteGlobalIDString = 25704021176CB12800642430;
			remoteInfo = Gamer;
		};
/* End PBXContainerItemProxy section */

/* Begin PBXFileReference section */
		2506A173176CD4160010E61D /* WishlistCell.h */ = {isa = PBXFileReference; lastKnownFileType = sourcecode.c.h; path = WishlistCell.h; sourceTree = "<group>"; };
		2506A174176CD4160010E61D /* WishlistCell.m */ = {isa = PBXFileReference; lastKnownFileType = sourcecode.c.objc; path = WishlistCell.m; sourceTree = "<group>"; };
		2506A17B176CD4B30010E61D /* WishlistSectionHeaderView.h */ = {isa = PBXFileReference; lastKnownFileType = sourcecode.c.h; path = WishlistSectionHeaderView.h; sourceTree = "<group>"; };
		2506A17C176CD4B30010E61D /* WishlistSectionHeaderView.m */ = {isa = PBXFileReference; lastKnownFileType = sourcecode.c.objc; path = WishlistSectionHeaderView.m; sourceTree = "<group>"; };
		2506A17D176CD4EA0010E61D /* WishlistTableViewController.h */ = {isa = PBXFileReference; lastKnownFileType = sourcecode.c.h; path = WishlistTableViewController.h; sourceTree = "<group>"; };
		2506A17E176CD4EA0010E61D /* WishlistTableViewController.m */ = {isa = PBXFileReference; lastKnownFileType = sourcecode.c.objc; path = WishlistTableViewController.m; sourceTree = "<group>"; };
		2506A183176CD5480010E61D /* SearchTableViewController.h */ = {isa = PBXFileReference; lastKnownFileType = sourcecode.c.h; path = SearchTableViewController.h; sourceTree = "<group>"; };
		2506A184176CD5480010E61D /* SearchTableViewController.m */ = {isa = PBXFileReference; lastKnownFileType = sourcecode.c.objc; path = SearchTableViewController.m; sourceTree = "<group>"; };
		2506A185176CD5540010E61D /* GameTableViewController.h */ = {isa = PBXFileReference; lastKnownFileType = sourcecode.c.h; path = GameTableViewController.h; sourceTree = "<group>"; };
		2506A186176CD5540010E61D /* GameTableViewController.m */ = {isa = PBXFileReference; lastKnownFileType = sourcecode.c.objc; path = GameTableViewController.m; sourceTree = "<group>"; };
		2506A187176CD5620010E61D /* SettingsTableViewController.h */ = {isa = PBXFileReference; lastKnownFileType = sourcecode.c.h; path = SettingsTableViewController.h; sourceTree = "<group>"; };
		2506A188176CD5620010E61D /* SettingsTableViewController.m */ = {isa = PBXFileReference; lastKnownFileType = sourcecode.c.objc; path = SettingsTableViewController.m; sourceTree = "<group>"; };
		2506A189176CD5B80010E61D /* FetchedTableViewController.h */ = {isa = PBXFileReference; lastKnownFileType = sourcecode.c.h; path = FetchedTableViewController.h; sourceTree = "<group>"; };
		2506A18A176CD5B80010E61D /* FetchedTableViewController.m */ = {isa = PBXFileReference; lastKnownFileType = sourcecode.c.objc; path = FetchedTableViewController.m; sourceTree = "<group>"; };
		2506F9A217F12CC800329CF2 /* Model 1.1.xcdatamodel */ = {isa = PBXFileReference; lastKnownFileType = wrapper.xcdatamodel; path = "Model 1.1.xcdatamodel"; sourceTree = "<group>"; };
		250B37DD1808613B009EB170 /* SettingsSegmentedControlCell.h */ = {isa = PBXFileReference; fileEncoding = 4; lastKnownFileType = sourcecode.c.h; path = SettingsSegmentedControlCell.h; sourceTree = "<group>"; };
		250B37DE1808613B009EB170 /* SettingsSegmentedControlCell.m */ = {isa = PBXFileReference; fileEncoding = 4; lastKnownFileType = sourcecode.c.objc; path = SettingsSegmentedControlCell.m; sourceTree = "<group>"; };
		250B37E018086795009EB170 /* Model 1.1.2.xcdatamodel */ = {isa = PBXFileReference; lastKnownFileType = wrapper.xcdatamodel; path = "Model 1.1.2.xcdatamodel"; sourceTree = "<group>"; };
		250D487617BFFFB1006B4C29 /* ContentStatusView.h */ = {isa = PBXFileReference; fileEncoding = 4; lastKnownFileType = sourcecode.c.h; path = ContentStatusView.h; sourceTree = "<group>"; };
		250D487717BFFFB1006B4C29 /* ContentStatusView.m */ = {isa = PBXFileReference; fileEncoding = 4; lastKnownFileType = sourcecode.c.objc; path = ContentStatusView.m; sourceTree = "<group>"; };
		25180CA017DFD534002675F1 /* MobileCoreServices.framework */ = {isa = PBXFileReference; lastKnownFileType = wrapper.framework; name = MobileCoreServices.framework; path = System/Library/Frameworks/MobileCoreServices.framework; sourceTree = SDKROOT; };
		251DEA40178CF3EA0094A6CB /* SettingsPlatformCell.h */ = {isa = PBXFileReference; fileEncoding = 4; lastKnownFileType = sourcecode.c.h; path = SettingsPlatformCell.h; sourceTree = "<group>"; };
		251DEA41178CF3EA0094A6CB /* SettingsPlatformCell.m */ = {isa = PBXFileReference; fileEncoding = 4; lastKnownFileType = sourcecode.c.objc; path = SettingsPlatformCell.m; sourceTree = "<group>"; };
		2531E81F176CDA35005881A4 /* CoreData.framework */ = {isa = PBXFileReference; lastKnownFileType = wrapper.framework; name = CoreData.framework; path = System/Library/Frameworks/CoreData.framework; sourceTree = SDKROOT; };
		2531E821176CDA48005881A4 /* QuartzCore.framework */ = {isa = PBXFileReference; lastKnownFileType = wrapper.framework; name = QuartzCore.framework; path = System/Library/Frameworks/QuartzCore.framework; sourceTree = SDKROOT; };
		2531E852176CDBB1005881A4 /* Tools.h */ = {isa = PBXFileReference; lastKnownFileType = sourcecode.c.h; path = Tools.h; sourceTree = "<group>"; };
		2531E853176CDBB1005881A4 /* Tools.m */ = {isa = PBXFileReference; lastKnownFileType = sourcecode.c.objc; path = Tools.m; sourceTree = "<group>"; };
		2531E854176CDBBB005881A4 /* Session.h */ = {isa = PBXFileReference; lastKnownFileType = sourcecode.c.h; path = Session.h; sourceTree = "<group>"; };
		2531E855176CDBBB005881A4 /* Session.m */ = {isa = PBXFileReference; lastKnownFileType = sourcecode.c.objc; path = Session.m; sourceTree = "<group>"; };
		2531E859176CDC3B005881A4 /* SearchResult.h */ = {isa = PBXFileReference; lastKnownFileType = sourcecode.c.h; path = SearchResult.h; sourceTree = "<group>"; };
		2531E85A176CDC3B005881A4 /* SearchResult.m */ = {isa = PBXFileReference; lastKnownFileType = sourcecode.c.objc; path = SearchResult.m; sourceTree = "<group>"; };
		253B57DC182B159400617E3B /* Model 1.1.3.xcdatamodel */ = {isa = PBXFileReference; lastKnownFileType = wrapper.xcdatamodel; path = "Model 1.1.3.xcdatamodel"; sourceTree = "<group>"; };
		253B57E9182B252600617E3B /* Platform.h */ = {isa = PBXFileReference; fileEncoding = 4; lastKnownFileType = sourcecode.c.h; path = Platform.h; sourceTree = "<group>"; };
		253B57EA182B252600617E3B /* Platform.m */ = {isa = PBXFileReference; fileEncoding = 4; lastKnownFileType = sourcecode.c.objc; path = Platform.m; sourceTree = "<group>"; };
		253B57F11834536B00617E3B /* MessageUI.framework */ = {isa = PBXFileReference; lastKnownFileType = wrapper.framework; name = MessageUI.framework; path = System/Library/Frameworks/MessageUI.framework; sourceTree = SDKROOT; };
		2555469F17DFF9430069F8A5 /* libz.dylib */ = {isa = PBXFileReference; lastKnownFileType = "compiled.mach-o.dylib"; name = libz.dylib; path = usr/lib/libz.dylib; sourceTree = SDKROOT; };
		255BAA76179B55E4009B42BF /* SystemConfiguration.framework */ = {isa = PBXFileReference; lastKnownFileType = wrapper.framework; name = SystemConfiguration.framework; path = System/Library/Frameworks/SystemConfiguration.framework; sourceTree = SDKROOT; };
		255BAA78179B566E009B42BF /* AdSupport.framework */ = {isa = PBXFileReference; lastKnownFileType = wrapper.framework; name = AdSupport.framework; path = System/Library/Frameworks/AdSupport.framework; sourceTree = SDKROOT; };
		25704022176CB12800642430 /* Gamer.app */ = {isa = PBXFileReference; explicitFileType = wrapper.application; includeInIndex = 0; path = Gamer.app; sourceTree = BUILT_PRODUCTS_DIR; };
		25704025176CB12800642430 /* Foundation.framework */ = {isa = PBXFileReference; lastKnownFileType = wrapper.framework; name = Foundation.framework; path = System/Library/Frameworks/Foundation.framework; sourceTree = SDKROOT; };
		25704027176CB12800642430 /* CoreGraphics.framework */ = {isa = PBXFileReference; lastKnownFileType = wrapper.framework; name = CoreGraphics.framework; path = System/Library/Frameworks/CoreGraphics.framework; sourceTree = SDKROOT; };
		25704029176CB12800642430 /* UIKit.framework */ = {isa = PBXFileReference; lastKnownFileType = wrapper.framework; name = UIKit.framework; path = System/Library/Frameworks/UIKit.framework; sourceTree = SDKROOT; };
		2570402D176CB12800642430 /* Gamer-Info.plist */ = {isa = PBXFileReference; lastKnownFileType = text.plist.xml; path = "Gamer-Info.plist"; sourceTree = "<group>"; };
		2570402F176CB12800642430 /* en */ = {isa = PBXFileReference; lastKnownFileType = text.plist.strings; name = en; path = en.lproj/InfoPlist.strings; sourceTree = "<group>"; };
		25704031176CB12800642430 /* main.m */ = {isa = PBXFileReference; lastKnownFileType = sourcecode.c.objc; path = main.m; sourceTree = "<group>"; };
		25704033176CB12800642430 /* Gamer-Prefix.pch */ = {isa = PBXFileReference; lastKnownFileType = sourcecode.c.h; path = "Gamer-Prefix.pch"; sourceTree = "<group>"; };
		25704034176CB12800642430 /* GamerAppDelegate.h */ = {isa = PBXFileReference; lastKnownFileType = sourcecode.c.h; path = GamerAppDelegate.h; sourceTree = "<group>"; };
		25704035176CB12800642430 /* GamerAppDelegate.m */ = {isa = PBXFileReference; lastKnownFileType = sourcecode.c.objc; path = GamerAppDelegate.m; sourceTree = "<group>"; };
		25704038176CB12800642430 /* Base */ = {isa = PBXFileReference; lastKnownFileType = file.storyboard; name = Base; path = Base.lproj/iPhone.storyboard; sourceTree = "<group>"; };
		2570403D176CB12800642430 /* Images.xcassets */ = {isa = PBXFileReference; lastKnownFileType = folder.assetcatalog; path = Images.xcassets; sourceTree = "<group>"; };
		25704043176CB12800642430 /* GamerTests.xctest */ = {isa = PBXFileReference; explicitFileType = wrapper.cfbundle; includeInIndex = 0; path = GamerTests.xctest; sourceTree = BUILT_PRODUCTS_DIR; };
		25704044176CB12800642430 /* XCTest.framework */ = {isa = PBXFileReference; lastKnownFileType = wrapper.framework; name = XCTest.framework; path = Library/Frameworks/XCTest.framework; sourceTree = DEVELOPER_DIR; };
		2570404C176CB12800642430 /* GamerTests-Info.plist */ = {isa = PBXFileReference; lastKnownFileType = text.plist.xml; path = "GamerTests-Info.plist"; sourceTree = "<group>"; };
		2570404E176CB12800642430 /* en */ = {isa = PBXFileReference; lastKnownFileType = text.plist.strings; name = en; path = en.lproj/InfoPlist.strings; sourceTree = "<group>"; };
		25704050176CB12800642430 /* GamerTests.m */ = {isa = PBXFileReference; lastKnownFileType = sourcecode.c.objc; path = GamerTests.m; sourceTree = "<group>"; };
		2570405E176CB55500642430 /* Model.xcdatamodel */ = {isa = PBXFileReference; lastKnownFileType = wrapper.xcdatamodel; path = Model.xcdatamodel; sourceTree = "<group>"; };
		257880561794EF70004C28E3 /* PlatformCollectionCell.h */ = {isa = PBXFileReference; fileEncoding = 4; lastKnownFileType = sourcecode.c.h; path = PlatformCollectionCell.h; sourceTree = "<group>"; };
		257880571794EF70004C28E3 /* PlatformCollectionCell.m */ = {isa = PBXFileReference; fileEncoding = 4; lastKnownFileType = sourcecode.c.objc; path = PlatformCollectionCell.m; sourceTree = "<group>"; };
		257E18C1182453460088699B /* SearchViewController.h */ = {isa = PBXFileReference; fileEncoding = 4; lastKnownFileType = sourcecode.c.h; path = SearchViewController.h; sourceTree = "<group>"; };
		257E18C2182453460088699B /* SearchViewController.m */ = {isa = PBXFileReference; fileEncoding = 4; lastKnownFileType = sourcecode.c.objc; path = SearchViewController.m; sourceTree = "<group>"; };
		2593051517C90017001DC04B /* MetacriticViewController.h */ = {isa = PBXFileReference; fileEncoding = 4; lastKnownFileType = sourcecode.c.h; path = MetacriticViewController.h; sourceTree = "<group>"; };
		2593051617C90017001DC04B /* MetacriticViewController.m */ = {isa = PBXFileReference; fileEncoding = 4; lastKnownFileType = sourcecode.c.objc; path = MetacriticViewController.m; sourceTree = "<group>"; };
		25998C00181093F400F1AA8F /* ReleaseDate.h */ = {isa = PBXFileReference; fileEncoding = 4; lastKnownFileType = sourcecode.c.h; path = ReleaseDate.h; sourceTree = "<group>"; };
		25998C01181093F400F1AA8F /* ReleaseDate.m */ = {isa = PBXFileReference; fileEncoding = 4; lastKnownFileType = sourcecode.c.objc; path = ReleaseDate.m; sourceTree = "<group>"; };
		25998C03181093F500F1AA8F /* Franchise.h */ = {isa = PBXFileReference; fileEncoding = 4; lastKnownFileType = sourcecode.c.h; path = Franchise.h; sourceTree = "<group>"; };
		25998C04181093F500F1AA8F /* Franchise.m */ = {isa = PBXFileReference; fileEncoding = 4; lastKnownFileType = sourcecode.c.objc; path = Franchise.m; sourceTree = "<group>"; };
		25998C06181093F500F1AA8F /* CoverImage.h */ = {isa = PBXFileReference; fileEncoding = 4; lastKnownFileType = sourcecode.c.h; path = CoverImage.h; sourceTree = "<group>"; };
		25998C07181093F500F1AA8F /* CoverImage.m */ = {isa = PBXFileReference; fileEncoding = 4; lastKnownFileType = sourcecode.c.objc; path = CoverImage.m; sourceTree = "<group>"; };
		25998C09181093F500F1AA8F /* Genre.h */ = {isa = PBXFileReference; fileEncoding = 4; lastKnownFileType = sourcecode.c.h; path = Genre.h; sourceTree = "<group>"; };
		25998C0A181093F500F1AA8F /* Genre.m */ = {isa = PBXFileReference; fileEncoding = 4; lastKnownFileType = sourcecode.c.objc; path = Genre.m; sourceTree = "<group>"; };
		25998C0F181093F500F1AA8F /* Video.h */ = {isa = PBXFileReference; fileEncoding = 4; lastKnownFileType = sourcecode.c.h; path = Video.h; sourceTree = "<group>"; };
		25998C10181093F500F1AA8F /* Video.m */ = {isa = PBXFileReference; fileEncoding = 4; lastKnownFileType = sourcecode.c.objc; path = Video.m; sourceTree = "<group>"; };
		25998C12181093F500F1AA8F /* Publisher.h */ = {isa = PBXFileReference; fileEncoding = 4; lastKnownFileType = sourcecode.c.h; path = Publisher.h; sourceTree = "<group>"; };
		25998C13181093F500F1AA8F /* Publisher.m */ = {isa = PBXFileReference; fileEncoding = 4; lastKnownFileType = sourcecode.c.objc; path = Publisher.m; sourceTree = "<group>"; };
		25998C15181093F500F1AA8F /* ReleasePeriod.h */ = {isa = PBXFileReference; fileEncoding = 4; lastKnownFileType = sourcecode.c.h; path = ReleasePeriod.h; sourceTree = "<group>"; };
		25998C16181093F500F1AA8F /* ReleasePeriod.m */ = {isa = PBXFileReference; fileEncoding = 4; lastKnownFileType = sourcecode.c.objc; path = ReleasePeriod.m; sourceTree = "<group>"; };
		25998C18181093F500F1AA8F /* Developer.h */ = {isa = PBXFileReference; fileEncoding = 4; lastKnownFileType = sourcecode.c.h; path = Developer.h; sourceTree = "<group>"; };
		25998C19181093F500F1AA8F /* Developer.m */ = {isa = PBXFileReference; fileEncoding = 4; lastKnownFileType = sourcecode.c.objc; path = Developer.m; sourceTree = "<group>"; };
		25998C1B181093F500F1AA8F /* Image.h */ = {isa = PBXFileReference; fileEncoding = 4; lastKnownFileType = sourcecode.c.h; path = Image.h; sourceTree = "<group>"; };
		25998C1C181093F500F1AA8F /* Image.m */ = {isa = PBXFileReference; fileEncoding = 4; lastKnownFileType = sourcecode.c.objc; path = Image.m; sourceTree = "<group>"; };
		25998C1E181093F500F1AA8F /* SimilarGame.h */ = {isa = PBXFileReference; fileEncoding = 4; lastKnownFileType = sourcecode.c.h; path = SimilarGame.h; sourceTree = "<group>"; };
		25998C1F181093F500F1AA8F /* SimilarGame.m */ = {isa = PBXFileReference; fileEncoding = 4; lastKnownFileType = sourcecode.c.objc; path = SimilarGame.m; sourceTree = "<group>"; };
		25998C24181093F500F1AA8F /* Theme.h */ = {isa = PBXFileReference; fileEncoding = 4; lastKnownFileType = sourcecode.c.h; path = Theme.h; sourceTree = "<group>"; };
		25998C25181093F500F1AA8F /* Theme.m */ = {isa = PBXFileReference; fileEncoding = 4; lastKnownFileType = sourcecode.c.objc; path = Theme.m; sourceTree = "<group>"; };
		25998C27181093F500F1AA8F /* Gamer.h */ = {isa = PBXFileReference; fileEncoding = 4; lastKnownFileType = sourcecode.c.h; path = Gamer.h; sourceTree = "<group>"; };
		25998C28181093F500F1AA8F /* Gamer.m */ = {isa = PBXFileReference; fileEncoding = 4; lastKnownFileType = sourcecode.c.objc; path = Gamer.m; sourceTree = "<group>"; };
		259DBBAD18958D0700B274F4 /* NSString+FetchedGroupByString.h */ = {isa = PBXFileReference; fileEncoding = 4; lastKnownFileType = sourcecode.c.h; path = "NSString+FetchedGroupByString.h"; sourceTree = "<group>"; };
		259DBBAE18958D0700B274F4 /* NSString+FetchedGroupByString.m */ = {isa = PBXFileReference; fileEncoding = 4; lastKnownFileType = sourcecode.c.objc; path = "NSString+FetchedGroupByString.m"; sourceTree = "<group>"; };
		259DBBB01895A79700B274F4 /* LibraryFilterView.h */ = {isa = PBXFileReference; fileEncoding = 4; lastKnownFileType = sourcecode.c.h; path = LibraryFilterView.h; sourceTree = "<group>"; };
		259DBBB11895A79700B274F4 /* LibraryFilterView.m */ = {isa = PBXFileReference; fileEncoding = 4; lastKnownFileType = sourcecode.c.objc; path = LibraryFilterView.m; sourceTree = "<group>"; };
		259DD14417ADBE8600FAD645 /* SearchCell.h */ = {isa = PBXFileReference; fileEncoding = 4; lastKnownFileType = sourcecode.c.h; path = SearchCell.h; sourceTree = "<group>"; };
		259DD14517ADBE8600FAD645 /* SearchCell.m */ = {isa = PBXFileReference; fileEncoding = 4; lastKnownFileType = sourcecode.c.objc; path = SearchCell.m; sourceTree = "<group>"; };
		259E4A3E1808ACAB00C1AC99 /* SimilarGameCollectionCell.h */ = {isa = PBXFileReference; fileEncoding = 4; lastKnownFileType = sourcecode.c.h; path = SimilarGameCollectionCell.h; sourceTree = "<group>"; };
		259E4A3F1808ACAB00C1AC99 /* SimilarGameCollectionCell.m */ = {isa = PBXFileReference; fileEncoding = 4; lastKnownFileType = sourcecode.c.objc; path = SimilarGameCollectionCell.m; sourceTree = "<group>"; };
		25AA247F1801A25C00106772 /* Model 1.1.1.xcdatamodel */ = {isa = PBXFileReference; lastKnownFileType = wrapper.xcdatamodel; path = "Model 1.1.1.xcdatamodel"; sourceTree = "<group>"; };
		25B094031824882E003A0365 /* SearchCollectionCell.h */ = {isa = PBXFileReference; fileEncoding = 4; lastKnownFileType = sourcecode.c.h; path = SearchCollectionCell.h; sourceTree = "<group>"; };
		25B094041824882E003A0365 /* SearchCollectionCell.m */ = {isa = PBXFileReference; fileEncoding = 4; lastKnownFileType = sourcecode.c.objc; path = SearchCollectionCell.m; sourceTree = "<group>"; };
		25B094061829BFA4003A0365 /* iPadTabBarController.h */ = {isa = PBXFileReference; fileEncoding = 4; lastKnownFileType = sourcecode.c.h; path = iPadTabBarController.h; sourceTree = "<group>"; };
		25B094071829BFA4003A0365 /* iPadTabBarController.m */ = {isa = PBXFileReference; fileEncoding = 4; lastKnownFileType = sourcecode.c.objc; path = iPadTabBarController.m; sourceTree = "<group>"; };
		25B9E9BE17A0B70200881089 /* LibraryViewController.h */ = {isa = PBXFileReference; fileEncoding = 4; lastKnownFileType = sourcecode.c.h; path = LibraryViewController.h; sourceTree = "<group>"; };
		25B9E9BF17A0B70200881089 /* LibraryViewController.m */ = {isa = PBXFileReference; fileEncoding = 4; lastKnownFileType = sourcecode.c.objc; path = LibraryViewController.m; sourceTree = "<group>"; };
		25B9E9C117A0B79000881089 /* LibraryCollectionCell.h */ = {isa = PBXFileReference; fileEncoding = 4; lastKnownFileType = sourcecode.c.h; path = LibraryCollectionCell.h; sourceTree = "<group>"; };
		25B9E9C217A0B79000881089 /* LibraryCollectionCell.m */ = {isa = PBXFileReference; fileEncoding = 4; lastKnownFileType = sourcecode.c.objc; path = LibraryCollectionCell.m; sourceTree = "<group>"; };
		25BE617817EFC4D3008F5AB8 /* RotationLockedTabBarController.h */ = {isa = PBXFileReference; fileEncoding = 4; lastKnownFileType = sourcecode.c.h; path = RotationLockedTabBarController.h; sourceTree = "<group>"; };
		25BE617917EFC4D3008F5AB8 /* RotationLockedTabBarController.m */ = {isa = PBXFileReference; fileEncoding = 4; lastKnownFileType = sourcecode.c.objc; path = RotationLockedTabBarController.m; sourceTree = "<group>"; };
		25C9FE2E17CBFF8800CCDD59 /* WishlistCollectionCell.h */ = {isa = PBXFileReference; fileEncoding = 4; lastKnownFileType = sourcecode.c.h; path = WishlistCollectionCell.h; sourceTree = "<group>"; };
		25C9FE2F17CBFF8800CCDD59 /* WishlistCollectionCell.m */ = {isa = PBXFileReference; fileEncoding = 4; lastKnownFileType = sourcecode.c.objc; path = WishlistCollectionCell.m; sourceTree = "<group>"; };
		25C9FE3717CC4C4500CCDD59 /* WishlistViewController.h */ = {isa = PBXFileReference; fileEncoding = 4; lastKnownFileType = sourcecode.c.h; path = WishlistViewController.h; sourceTree = "<group>"; };
		25C9FE3817CC4C4500CCDD59 /* WishlistViewController.m */ = {isa = PBXFileReference; fileEncoding = 4; lastKnownFileType = sourcecode.c.objc; path = WishlistViewController.m; sourceTree = "<group>"; };
		25C9FE4317CD729E00CCDD59 /* HeaderCollectionReusableView.h */ = {isa = PBXFileReference; fileEncoding = 4; lastKnownFileType = sourcecode.c.h; path = HeaderCollectionReusableView.h; sourceTree = "<group>"; };
		25C9FE4417CD729E00CCDD59 /* HeaderCollectionReusableView.m */ = {isa = PBXFileReference; fileEncoding = 4; lastKnownFileType = sourcecode.c.objc; path = HeaderCollectionReusableView.m; sourceTree = "<group>"; };
		25C9FE7117DA2B0100CCDD59 /* iPhone.xib */ = {isa = PBXFileReference; fileEncoding = 4; lastKnownFileType = file.xib; path = iPhone.xib; sourceTree = "<group>"; };
		25C9FE7317DA2B0E00CCDD59 /* iPad.xib */ = {isa = PBXFileReference; fileEncoding = 4; lastKnownFileType = file.xib; path = iPad.xib; sourceTree = "<group>"; };
		25C9FE7517DA7FB400CCDD59 /* TrailerViewController.h */ = {isa = PBXFileReference; fileEncoding = 4; lastKnownFileType = sourcecode.c.h; path = TrailerViewController.h; sourceTree = "<group>"; };
		25C9FE7617DA7FB400CCDD59 /* TrailerViewController.m */ = {isa = PBXFileReference; fileEncoding = 4; lastKnownFileType = sourcecode.c.objc; path = TrailerViewController.m; sourceTree = "<group>"; };
		25CF6AE7180B697B000E51B2 /* Networking.h */ = {isa = PBXFileReference; fileEncoding = 4; lastKnownFileType = sourcecode.c.h; path = Networking.h; sourceTree = "<group>"; };
		25CF6AE8180B697B000E51B2 /* Networking.m */ = {isa = PBXFileReference; fileEncoding = 4; lastKnownFileType = sourcecode.c.objc; path = Networking.m; sourceTree = "<group>"; };
		25CFD2AB17AF05D100FF4B91 /* iPad.storyboard */ = {isa = PBXFileReference; fileEncoding = 4; lastKnownFileType = file.storyboard; path = iPad.storyboard; sourceTree = "<group>"; };
		25D2E5FF178BB22900C7EDDB /* ImageViewerViewController.h */ = {isa = PBXFileReference; fileEncoding = 4; lastKnownFileType = sourcecode.c.h; path = ImageViewerViewController.h; sourceTree = "<group>"; };
		25D2E600178BB22900C7EDDB /* ImageViewerViewController.m */ = {isa = PBXFileReference; fileEncoding = 4; lastKnownFileType = sourcecode.c.objc; path = ImageViewerViewController.m; sourceTree = "<group>"; };
		25EB1BDD1784F23900A5A2A8 /* ImageCollectionCell.h */ = {isa = PBXFileReference; fileEncoding = 4; lastKnownFileType = sourcecode.c.h; path = ImageCollectionCell.h; sourceTree = "<group>"; };
		25EB1BDE1784F23900A5A2A8 /* ImageCollectionCell.m */ = {isa = PBXFileReference; fileEncoding = 4; lastKnownFileType = sourcecode.c.objc; path = ImageCollectionCell.m; sourceTree = "<group>"; };
		25EB1BE0178505AA00A5A2A8 /* VideoCollectionCell.h */ = {isa = PBXFileReference; fileEncoding = 4; lastKnownFileType = sourcecode.c.h; path = VideoCollectionCell.h; sourceTree = "<group>"; };
		25EB1BE1178505AA00A5A2A8 /* VideoCollectionCell.m */ = {isa = PBXFileReference; fileEncoding = 4; lastKnownFileType = sourcecode.c.objc; path = VideoCollectionCell.m; sourceTree = "<group>"; };
		25EE8CD218AAE828003E979E /* 1.1.6.xcdatamodel */ = {isa = PBXFileReference; lastKnownFileType = file; path = 1.1.6.xcdatamodel; sourceTree = "<group>"; };
		25EE8CD618AAE938003E979E /* Game.h */ = {isa = PBXFileReference; fileEncoding = 4; lastKnownFileType = sourcecode.c.h; path = Game.h; sourceTree = "<group>"; };
		25EE8CD718AAE938003E979E /* Game.m */ = {isa = PBXFileReference; fileEncoding = 4; lastKnownFileType = sourcecode.c.objc; path = Game.m; sourceTree = "<group>"; };
		25F4588D179DFB2C008C15B3 /* EventKit.framework */ = {isa = PBXFileReference; lastKnownFileType = wrapper.framework; name = EventKit.framework; path = System/Library/Frameworks/EventKit.framework; sourceTree = SDKROOT; };
		3636943419C34655B50F4EDC /* Pods.xcconfig */ = {isa = PBXFileReference; includeInIndex = 1; lastKnownFileType = text.xcconfig; name = Pods.xcconfig; path = Pods/Pods.xcconfig; sourceTree = SOURCE_ROOT; };
		AFBC96E4CE0C44DF858F57A6 /* libPods.a */ = {isa = PBXFileReference; explicitFileType = archive.ar; includeInIndex = 0; path = libPods.a; sourceTree = BUILT_PRODUCTS_DIR; };
/* End PBXFileReference section */

/* Begin PBXFrameworksBuildPhase section */
		2570401F176CB12800642430 /* Frameworks */ = {
			isa = PBXFrameworksBuildPhase;
			buildActionMask = 2147483647;
			files = (
				253B57F21834536B00617E3B /* MessageUI.framework in Frameworks */,
				25180CA217DFD541002675F1 /* SystemConfiguration.framework in Frameworks */,
				25180CA117DFD534002675F1 /* MobileCoreServices.framework in Frameworks */,
				255BAA79179B566E009B42BF /* AdSupport.framework in Frameworks */,
				2531E822176CDA48005881A4 /* QuartzCore.framework in Frameworks */,
				2531E820176CDA35005881A4 /* CoreData.framework in Frameworks */,
				25704028176CB12800642430 /* CoreGraphics.framework in Frameworks */,
				2570402A176CB12800642430 /* UIKit.framework in Frameworks */,
				25704026176CB12800642430 /* Foundation.framework in Frameworks */,
				255593223FA84C439B281EF6 /* libPods.a in Frameworks */,
			);
			runOnlyForDeploymentPostprocessing = 0;
		};
		25704040176CB12800642430 /* Frameworks */ = {
			isa = PBXFrameworksBuildPhase;
			buildActionMask = 2147483647;
			files = (
				25704045176CB12800642430 /* XCTest.framework in Frameworks */,
				25704047176CB12800642430 /* UIKit.framework in Frameworks */,
				25704046176CB12800642430 /* Foundation.framework in Frameworks */,
			);
			runOnlyForDeploymentPostprocessing = 0;
		};
/* End PBXFrameworksBuildPhase section */

/* Begin PBXGroup section */
		2506A16C176CD2E60010E61D /* Subclasses */ = {
			isa = PBXGroup;
			children = (
				2531E859176CDC3B005881A4 /* SearchResult.h */,
				2531E85A176CDC3B005881A4 /* SearchResult.m */,
				2506A189176CD5B80010E61D /* FetchedTableViewController.h */,
				2506A18A176CD5B80010E61D /* FetchedTableViewController.m */,
				25BE617817EFC4D3008F5AB8 /* RotationLockedTabBarController.h */,
				25BE617917EFC4D3008F5AB8 /* RotationLockedTabBarController.m */,
				25B094061829BFA4003A0365 /* iPadTabBarController.h */,
				25B094071829BFA4003A0365 /* iPadTabBarController.m */,
				2506A16E176CD3190010E61D /* Views */,
				2506A16D176CD2F10010E61D /* Cells */,
				259DBBAC18958B7500B274F4 /* Categories */,
			);
			name = Subclasses;
			sourceTree = "<group>";
		};
		2506A16D176CD2F10010E61D /* Cells */ = {
			isa = PBXGroup;
			children = (
				2506A173176CD4160010E61D /* WishlistCell.h */,
				2506A174176CD4160010E61D /* WishlistCell.m */,
				25C9FE2E17CBFF8800CCDD59 /* WishlistCollectionCell.h */,
				25C9FE2F17CBFF8800CCDD59 /* WishlistCollectionCell.m */,
				25B9E9C117A0B79000881089 /* LibraryCollectionCell.h */,
				25B9E9C217A0B79000881089 /* LibraryCollectionCell.m */,
				257880561794EF70004C28E3 /* PlatformCollectionCell.h */,
				257880571794EF70004C28E3 /* PlatformCollectionCell.m */,
				259E4A3E1808ACAB00C1AC99 /* SimilarGameCollectionCell.h */,
				259E4A3F1808ACAB00C1AC99 /* SimilarGameCollectionCell.m */,
				25EB1BDD1784F23900A5A2A8 /* ImageCollectionCell.h */,
				25EB1BDE1784F23900A5A2A8 /* ImageCollectionCell.m */,
				25EB1BE0178505AA00A5A2A8 /* VideoCollectionCell.h */,
				25EB1BE1178505AA00A5A2A8 /* VideoCollectionCell.m */,
				259DD14417ADBE8600FAD645 /* SearchCell.h */,
				259DD14517ADBE8600FAD645 /* SearchCell.m */,
				25B094031824882E003A0365 /* SearchCollectionCell.h */,
				25B094041824882E003A0365 /* SearchCollectionCell.m */,
				251DEA40178CF3EA0094A6CB /* SettingsPlatformCell.h */,
				251DEA41178CF3EA0094A6CB /* SettingsPlatformCell.m */,
				250B37DD1808613B009EB170 /* SettingsSegmentedControlCell.h */,
				250B37DE1808613B009EB170 /* SettingsSegmentedControlCell.m */,
			);
			name = Cells;
			sourceTree = "<group>";
		};
		2506A16E176CD3190010E61D /* Views */ = {
			isa = PBXGroup;
			children = (
				2506A17B176CD4B30010E61D /* WishlistSectionHeaderView.h */,
				2506A17C176CD4B30010E61D /* WishlistSectionHeaderView.m */,
				250D487617BFFFB1006B4C29 /* ContentStatusView.h */,
				250D487717BFFFB1006B4C29 /* ContentStatusView.m */,
				25C9FE4317CD729E00CCDD59 /* HeaderCollectionReusableView.h */,
				25C9FE4417CD729E00CCDD59 /* HeaderCollectionReusableView.m */,
				259DBBB01895A79700B274F4 /* LibraryFilterView.h */,
				259DBBB11895A79700B274F4 /* LibraryFilterView.m */,
			);
			name = Views;
			sourceTree = "<group>";
		};
		253B57EF182B267900617E3B /* iPhone */ = {
			isa = PBXGroup;
			children = (
				2506A17D176CD4EA0010E61D /* WishlistTableViewController.h */,
				2506A17E176CD4EA0010E61D /* WishlistTableViewController.m */,
				2506A183176CD5480010E61D /* SearchTableViewController.h */,
				2506A184176CD5480010E61D /* SearchTableViewController.m */,
			);
			name = iPhone;
			sourceTree = "<group>";
		};
		25704019176CB12800642430 = {
			isa = PBXGroup;
			children = (
				2570402B176CB12800642430 /* Gamer */,
				2570404A176CB12800642430 /* GamerTests */,
				25704024176CB12800642430 /* Frameworks */,
				25704023176CB12800642430 /* Products */,
				3636943419C34655B50F4EDC /* Pods.xcconfig */,
			);
			sourceTree = "<group>";
		};
		25704023176CB12800642430 /* Products */ = {
			isa = PBXGroup;
			children = (
				25704022176CB12800642430 /* Gamer.app */,
				25704043176CB12800642430 /* GamerTests.xctest */,
			);
			name = Products;
			sourceTree = "<group>";
		};
		25704024176CB12800642430 /* Frameworks */ = {
			isa = PBXGroup;
			children = (
				253B57F11834536B00617E3B /* MessageUI.framework */,
				2555469F17DFF9430069F8A5 /* libz.dylib */,
				25180CA017DFD534002675F1 /* MobileCoreServices.framework */,
				25F4588D179DFB2C008C15B3 /* EventKit.framework */,
				255BAA78179B566E009B42BF /* AdSupport.framework */,
				255BAA76179B55E4009B42BF /* SystemConfiguration.framework */,
				2531E821176CDA48005881A4 /* QuartzCore.framework */,
				2531E81F176CDA35005881A4 /* CoreData.framework */,
				25704025176CB12800642430 /* Foundation.framework */,
				25704027176CB12800642430 /* CoreGraphics.framework */,
				25704029176CB12800642430 /* UIKit.framework */,
				25704044176CB12800642430 /* XCTest.framework */,
				AFBC96E4CE0C44DF858F57A6 /* libPods.a */,
			);
			name = Frameworks;
			sourceTree = "<group>";
		};
		2570402B176CB12800642430 /* Gamer */ = {
			isa = PBXGroup;
			children = (
				2570405C176CB1F500642430 /* Code */,
				2570405B176CB1EA00642430 /* Resources */,
				2570405A176CB1D900642430 /* Interface */,
				2570405F176CB55C00642430 /* Data */,
				2570402C176CB12800642430 /* Supporting Files */,
			);
			path = Gamer;
			sourceTree = "<group>";
		};
		2570402C176CB12800642430 /* Supporting Files */ = {
			isa = PBXGroup;
			children = (
				2570402D176CB12800642430 /* Gamer-Info.plist */,
				2570402E176CB12800642430 /* InfoPlist.strings */,
				25704031176CB12800642430 /* main.m */,
				25704033176CB12800642430 /* Gamer-Prefix.pch */,
			);
			name = "Supporting Files";
			sourceTree = "<group>";
		};
		2570404A176CB12800642430 /* GamerTests */ = {
			isa = PBXGroup;
			children = (
				25704050176CB12800642430 /* GamerTests.m */,
				2570404B176CB12800642430 /* Supporting Files */,
			);
			path = GamerTests;
			sourceTree = "<group>";
		};
		2570404B176CB12800642430 /* Supporting Files */ = {
			isa = PBXGroup;
			children = (
				2570404C176CB12800642430 /* GamerTests-Info.plist */,
				2570404D176CB12800642430 /* InfoPlist.strings */,
			);
			name = "Supporting Files";
			sourceTree = "<group>";
		};
		2570405A176CB1D900642430 /* Interface */ = {
			isa = PBXGroup;
			children = (
				25704037176CB12800642430 /* iPhone.storyboard */,
				25C9FE7117DA2B0100CCDD59 /* iPhone.xib */,
				25CFD2AB17AF05D100FF4B91 /* iPad.storyboard */,
				25C9FE7317DA2B0E00CCDD59 /* iPad.xib */,
			);
			name = Interface;
			sourceTree = "<group>";
		};
		2570405B176CB1EA00642430 /* Resources */ = {
			isa = PBXGroup;
			children = (
				2570403D176CB12800642430 /* Images.xcassets */,
				2531E852176CDBB1005881A4 /* Tools.h */,
				2531E853176CDBB1005881A4 /* Tools.m */,
				2531E854176CDBBB005881A4 /* Session.h */,
				2531E855176CDBBB005881A4 /* Session.m */,
				25CF6AE7180B697B000E51B2 /* Networking.h */,
				25CF6AE8180B697B000E51B2 /* Networking.m */,
			);
			name = Resources;
			sourceTree = "<group>";
		};
		2570405C176CB1F500642430 /* Code */ = {
			isa = PBXGroup;
			children = (
				25704034176CB12800642430 /* GamerAppDelegate.h */,
				25704035176CB12800642430 /* GamerAppDelegate.m */,
				2595539417AEA0CD003A4F59 /* Tabs */,
				2595539517AEA0D7003A4F59 /* Game */,
				2506A16C176CD2E60010E61D /* Subclasses */,
			);
			name = Code;
			sourceTree = "<group>";
		};
		2570405F176CB55C00642430 /* Data */ = {
			isa = PBXGroup;
			children = (
				2570405D176CB55500642430 /* Model.xcdatamodeld */,
				25704060176CB5AE00642430 /* Models */,
			);
			name = Data;
			sourceTree = "<group>";
		};
		25704060176CB5AE00642430 /* Models */ = {
			isa = PBXGroup;
			children = (
				25EE8CD618AAE938003E979E /* Game.h */,
				25EE8CD718AAE938003E979E /* Game.m */,
				253B57E9182B252600617E3B /* Platform.h */,
				253B57EA182B252600617E3B /* Platform.m */,
				25998C27181093F500F1AA8F /* Gamer.h */,
				25998C28181093F500F1AA8F /* Gamer.m */,
				25998C24181093F500F1AA8F /* Theme.h */,
				25998C25181093F500F1AA8F /* Theme.m */,
				25998C1E181093F500F1AA8F /* SimilarGame.h */,
				25998C1F181093F500F1AA8F /* SimilarGame.m */,
				25998C1B181093F500F1AA8F /* Image.h */,
				25998C1C181093F500F1AA8F /* Image.m */,
				25998C18181093F500F1AA8F /* Developer.h */,
				25998C19181093F500F1AA8F /* Developer.m */,
				25998C15181093F500F1AA8F /* ReleasePeriod.h */,
				25998C16181093F500F1AA8F /* ReleasePeriod.m */,
				25998C12181093F500F1AA8F /* Publisher.h */,
				25998C13181093F500F1AA8F /* Publisher.m */,
				25998C0F181093F500F1AA8F /* Video.h */,
				25998C10181093F500F1AA8F /* Video.m */,
				25998C09181093F500F1AA8F /* Genre.h */,
				25998C0A181093F500F1AA8F /* Genre.m */,
				25998C06181093F500F1AA8F /* CoverImage.h */,
				25998C07181093F500F1AA8F /* CoverImage.m */,
				25998C03181093F500F1AA8F /* Franchise.h */,
				25998C04181093F500F1AA8F /* Franchise.m */,
				25998C00181093F400F1AA8F /* ReleaseDate.h */,
				25998C01181093F400F1AA8F /* ReleaseDate.m */,
			);
			name = Models;
			sourceTree = "<group>";
		};
		257E18C4182453680088699B /* iPad */ = {
			isa = PBXGroup;
			children = (
				25C9FE3717CC4C4500CCDD59 /* WishlistViewController.h */,
				25C9FE3817CC4C4500CCDD59 /* WishlistViewController.m */,
				257E18C1182453460088699B /* SearchViewController.h */,
				257E18C2182453460088699B /* SearchViewController.m */,
			);
			name = iPad;
			sourceTree = "<group>";
		};
		2595539417AEA0CD003A4F59 /* Tabs */ = {
			isa = PBXGroup;
			children = (
				25B9E9BE17A0B70200881089 /* LibraryViewController.h */,
				25B9E9BF17A0B70200881089 /* LibraryViewController.m */,
				2506A187176CD5620010E61D /* SettingsTableViewController.h */,
				2506A188176CD5620010E61D /* SettingsTableViewController.m */,
				253B57EF182B267900617E3B /* iPhone */,
				257E18C4182453680088699B /* iPad */,
			);
			name = Tabs;
			sourceTree = "<group>";
		};
		2595539517AEA0D7003A4F59 /* Game */ = {
			isa = PBXGroup;
			children = (
				2506A185176CD5540010E61D /* GameTableViewController.h */,
				2506A186176CD5540010E61D /* GameTableViewController.m */,
				2593051517C90017001DC04B /* MetacriticViewController.h */,
				2593051617C90017001DC04B /* MetacriticViewController.m */,
				25D2E5FF178BB22900C7EDDB /* ImageViewerViewController.h */,
				25D2E600178BB22900C7EDDB /* ImageViewerViewController.m */,
				25C9FE7517DA7FB400CCDD59 /* TrailerViewController.h */,
				25C9FE7617DA7FB400CCDD59 /* TrailerViewController.m */,
			);
			name = Game;
			sourceTree = "<group>";
		};
		259DBBAC18958B7500B274F4 /* Categories */ = {
			isa = PBXGroup;
			children = (
				259DBBAD18958D0700B274F4 /* NSString+FetchedGroupByString.h */,
				259DBBAE18958D0700B274F4 /* NSString+FetchedGroupByString.m */,
			);
			name = Categories;
			sourceTree = "<group>";
		};
/* End PBXGroup section */

/* Begin PBXNativeTarget section */
		25704021176CB12800642430 /* Gamer */ = {
			isa = PBXNativeTarget;
			buildConfigurationList = 25704054176CB12800642430 /* Build configuration list for PBXNativeTarget "Gamer" */;
			buildPhases = (
				0D31DCA0DD504A8CB3BF5E24 /* Check Pods Manifest.lock */,
				2570401E176CB12800642430 /* Sources */,
				2570401F176CB12800642430 /* Frameworks */,
				25704020176CB12800642430 /* Resources */,
				391CDBF954534A2683A25AA4 /* Copy Pods Resources */,
			);
			buildRules = (
			);
			dependencies = (
			);
			name = Gamer;
			productName = Gamer;
			productReference = 25704022176CB12800642430 /* Gamer.app */;
			productType = "com.apple.product-type.application";
		};
		25704042176CB12800642430 /* GamerTests */ = {
			isa = PBXNativeTarget;
			buildConfigurationList = 25704057176CB12800642430 /* Build configuration list for PBXNativeTarget "GamerTests" */;
			buildPhases = (
				2570403F176CB12800642430 /* Sources */,
				25704040176CB12800642430 /* Frameworks */,
				25704041176CB12800642430 /* Resources */,
			);
			buildRules = (
			);
			dependencies = (
				25704049176CB12800642430 /* PBXTargetDependency */,
			);
			name = GamerTests;
			productName = GamerTests;
			productReference = 25704043176CB12800642430 /* GamerTests.xctest */;
			productType = "com.apple.product-type.bundle.unit-test";
		};
/* End PBXNativeTarget section */

/* Begin PBXProject section */
		2570401A176CB12800642430 /* Project object */ = {
			isa = PBXProject;
			attributes = {
				CLASSPREFIX = Gamer;
				LastUpgradeCheck = 0500;
				ORGANIZATIONNAME = "Caio Mello";
				TargetAttributes = {
					25704021176CB12800642430 = {
						DevelopmentTeam = 7Q8BV53NMG;
					};
					25704042176CB12800642430 = {
						TestTargetID = 25704021176CB12800642430;
					};
				};
			};
			buildConfigurationList = 2570401D176CB12800642430 /* Build configuration list for PBXProject "Gamer" */;
			compatibilityVersion = "Xcode 3.2";
			developmentRegion = English;
			hasScannedForEncodings = 0;
			knownRegions = (
				en,
				Base,
			);
			mainGroup = 25704019176CB12800642430;
			productRefGroup = 25704023176CB12800642430 /* Products */;
			projectDirPath = "";
			projectRoot = "";
			targets = (
				25704021176CB12800642430 /* Gamer */,
				25704042176CB12800642430 /* GamerTests */,
			);
		};
/* End PBXProject section */

/* Begin PBXResourcesBuildPhase section */
		25704020176CB12800642430 /* Resources */ = {
			isa = PBXResourcesBuildPhase;
			buildActionMask = 2147483647;
			files = (
				25C9FE7217DA2B0100CCDD59 /* iPhone.xib in Resources */,
				25CFD2AC17AF05D100FF4B91 /* iPad.storyboard in Resources */,
				2570403E176CB12800642430 /* Images.xcassets in Resources */,
				25C9FE7417DA2B0E00CCDD59 /* iPad.xib in Resources */,
				25704030176CB12800642430 /* InfoPlist.strings in Resources */,
				25704039176CB12800642430 /* iPhone.storyboard in Resources */,
			);
			runOnlyForDeploymentPostprocessing = 0;
		};
		25704041176CB12800642430 /* Resources */ = {
			isa = PBXResourcesBuildPhase;
			buildActionMask = 2147483647;
			files = (
				2570404F176CB12800642430 /* InfoPlist.strings in Resources */,
			);
			runOnlyForDeploymentPostprocessing = 0;
		};
/* End PBXResourcesBuildPhase section */

/* Begin PBXShellScriptBuildPhase section */
		0D31DCA0DD504A8CB3BF5E24 /* Check Pods Manifest.lock */ = {
			isa = PBXShellScriptBuildPhase;
			buildActionMask = 2147483647;
			files = (
			);
			inputPaths = (
			);
			name = "Check Pods Manifest.lock";
			outputPaths = (
			);
			runOnlyForDeploymentPostprocessing = 0;
			shellPath = /bin/sh;
			shellScript = "diff \"${PODS_ROOT}/../Podfile.lock\" \"${PODS_ROOT}/Manifest.lock\" > /dev/null\nif [[ $? != 0 ]] ; then\n    cat << EOM\nerror: The sandbox is not in sync with the Podfile.lock. Run 'pod install' or update your CocoaPods installation.\nEOM\n    exit 1\nfi\n";
		};
		391CDBF954534A2683A25AA4 /* Copy Pods Resources */ = {
			isa = PBXShellScriptBuildPhase;
			buildActionMask = 2147483647;
			files = (
			);
			inputPaths = (
			);
			name = "Copy Pods Resources";
			outputPaths = (
			);
			runOnlyForDeploymentPostprocessing = 0;
			shellPath = /bin/sh;
			shellScript = "\"${SRCROOT}/Pods/Pods-resources.sh\"\n";
		};
/* End PBXShellScriptBuildPhase section */

/* Begin PBXSourcesBuildPhase section */
		2570401E176CB12800642430 /* Sources */ = {
			isa = PBXSourcesBuildPhase;
			buildActionMask = 2147483647;
			files = (
				2531E85B176CDC68005881A4 /* SearchResult.m in Sources */,
				2531E858176CDBEF005881A4 /* Model.xcdatamodeld in Sources */,
				25B9E9C317A0B79000881089 /* LibraryCollectionCell.m in Sources */,
				2531E856176CDBDD005881A4 /* Tools.m in Sources */,
				25998C1A181093F500F1AA8F /* Developer.m in Sources */,
				2531E857176CDBDD005881A4 /* Session.m in Sources */,
				259DD14617ADBE8600FAD645 /* SearchCell.m in Sources */,
				2593051717C90017001DC04B /* MetacriticViewController.m in Sources */,
				25998C02181093F400F1AA8F /* ReleaseDate.m in Sources */,
				25C9FE7717DA7FB400CCDD59 /* TrailerViewController.m in Sources */,
				253B57EB182B252600617E3B /* Platform.m in Sources */,
				25C9FE4517CD729E00CCDD59 /* HeaderCollectionReusableView.m in Sources */,
				257880581794EF70004C28E3 /* PlatformCollectionCell.m in Sources */,
				25B094051824882E003A0365 /* SearchCollectionCell.m in Sources */,
				25EB1BE2178505AA00A5A2A8 /* VideoCollectionCell.m in Sources */,
				25EE8CD818AAE938003E979E /* Game.m in Sources */,
				250B37DF1808613B009EB170 /* SettingsSegmentedControlCell.m in Sources */,
				25998C08181093F500F1AA8F /* CoverImage.m in Sources */,
				2531E839176CDB60005881A4 /* WishlistTableViewController.m in Sources */,
				25998C11181093F500F1AA8F /* Video.m in Sources */,
				2531E83C176CDB60005881A4 /* SearchTableViewController.m in Sources */,
				25998C29181093F500F1AA8F /* Gamer.m in Sources */,
				2531E83D176CDB60005881A4 /* GameTableViewController.m in Sources */,
				25998C14181093F500F1AA8F /* Publisher.m in Sources */,
				257E18C3182453460088699B /* SearchViewController.m in Sources */,
				2531E83E176CDB60005881A4 /* SettingsTableViewController.m in Sources */,
				25998C20181093F500F1AA8F /* SimilarGame.m in Sources */,
				251DEA42178CF3EA0094A6CB /* SettingsPlatformCell.m in Sources */,
				259DBBAF18958D0700B274F4 /* NSString+FetchedGroupByString.m in Sources */,
				25998C05181093F500F1AA8F /* Franchise.m in Sources */,
				2531E83F176CDB60005881A4 /* FetchedTableViewController.m in Sources */,
				2531E840176CDB60005881A4 /* WishlistSectionHeaderView.m in Sources */,
				25998C0B181093F500F1AA8F /* Genre.m in Sources */,
				2531E841176CDB60005881A4 /* WishlistCell.m in Sources */,
				25D2E601178BB22900C7EDDB /* ImageViewerViewController.m in Sources */,
				25CF6AE9180B697B000E51B2 /* Networking.m in Sources */,
				25998C1D181093F500F1AA8F /* Image.m in Sources */,
				25C9FE3917CC4C4500CCDD59 /* WishlistViewController.m in Sources */,
				25998C17181093F500F1AA8F /* ReleasePeriod.m in Sources */,
				250D487817BFFFB1006B4C29 /* ContentStatusView.m in Sources */,
				25B9E9C017A0B70200881089 /* LibraryViewController.m in Sources */,
				25998C26181093F500F1AA8F /* Theme.m in Sources */,
				259E4A401808ACAB00C1AC99 /* SimilarGameCollectionCell.m in Sources */,
				25BE617A17EFC4D3008F5AB8 /* RotationLockedTabBarController.m in Sources */,
				25EB1BDF1784F23900A5A2A8 /* ImageCollectionCell.m in Sources */,
				25C9FE3017CBFF8800CCDD59 /* WishlistCollectionCell.m in Sources */,
				259DBBB21895A79700B274F4 /* LibraryFilterView.m in Sources */,
				25704032176CB12800642430 /* main.m in Sources */,
				25704036176CB12800642430 /* GamerAppDelegate.m in Sources */,
				25B094081829BFA4003A0365 /* iPadTabBarController.m in Sources */,
			);
			runOnlyForDeploymentPostprocessing = 0;
		};
		2570403F176CB12800642430 /* Sources */ = {
			isa = PBXSourcesBuildPhase;
			buildActionMask = 2147483647;
			files = (
				25704051176CB12800642430 /* GamerTests.m in Sources */,
			);
			runOnlyForDeploymentPostprocessing = 0;
		};
/* End PBXSourcesBuildPhase section */

/* Begin PBXTargetDependency section */
		25704049176CB12800642430 /* PBXTargetDependency */ = {
			isa = PBXTargetDependency;
			target = 25704021176CB12800642430 /* Gamer */;
			targetProxy = 25704048176CB12800642430 /* PBXContainerItemProxy */;
		};
/* End PBXTargetDependency section */

/* Begin PBXVariantGroup section */
		2570402E176CB12800642430 /* InfoPlist.strings */ = {
			isa = PBXVariantGroup;
			children = (
				2570402F176CB12800642430 /* en */,
			);
			name = InfoPlist.strings;
			sourceTree = "<group>";
		};
		25704037176CB12800642430 /* iPhone.storyboard */ = {
			isa = PBXVariantGroup;
			children = (
				25704038176CB12800642430 /* Base */,
			);
			name = iPhone.storyboard;
			sourceTree = "<group>";
		};
		2570404D176CB12800642430 /* InfoPlist.strings */ = {
			isa = PBXVariantGroup;
			children = (
				2570404E176CB12800642430 /* en */,
			);
			name = InfoPlist.strings;
			sourceTree = "<group>";
		};
/* End PBXVariantGroup section */

/* Begin XCBuildConfiguration section */
		25704052176CB12800642430 /* Debug */ = {
			isa = XCBuildConfiguration;
			buildSettings = {
				ALWAYS_SEARCH_USER_PATHS = NO;
				CLANG_CXX_LANGUAGE_STANDARD = "gnu++0x";
				CLANG_CXX_LIBRARY = "libc++";
				CLANG_ENABLE_MODULES = YES;
				CLANG_ENABLE_OBJC_ARC = YES;
				CLANG_WARN_BOOL_CONVERSION = YES;
				CLANG_WARN_CONSTANT_CONVERSION = YES;
				CLANG_WARN_DIRECT_OBJC_ISA_USAGE = YES_ERROR;
				CLANG_WARN_EMPTY_BODY = YES;
				CLANG_WARN_ENUM_CONVERSION = YES;
				CLANG_WARN_INT_CONVERSION = YES;
				CLANG_WARN_OBJC_ROOT_CLASS = YES_ERROR;
				CLANG_WARN__DUPLICATE_METHOD_MATCH = YES;
				CODE_SIGN_IDENTITY = "";
				"CODE_SIGN_IDENTITY[sdk=iphoneos*]" = "";
				COPY_PHASE_STRIP = NO;
				GCC_C_LANGUAGE_STANDARD = gnu99;
				GCC_DYNAMIC_NO_PIC = NO;
				GCC_OPTIMIZATION_LEVEL = 0;
				GCC_PREPROCESSOR_DEFINITIONS = (
					"DEBUG=1",
					"$(inherited)",
				);
				GCC_SYMBOLS_PRIVATE_EXTERN = NO;
				GCC_WARN_ABOUT_RETURN_TYPE = YES_ERROR;
				GCC_WARN_UNDECLARED_SELECTOR = YES;
				GCC_WARN_UNINITIALIZED_AUTOS = YES;
				GCC_WARN_UNUSED_FUNCTION = YES;
				GCC_WARN_UNUSED_VARIABLE = YES;
				IPHONEOS_DEPLOYMENT_TARGET = 7.0;
				ONLY_ACTIVE_ARCH = YES;
				PROVISIONING_PROFILE = "6948D9A0-6C41-434B-BF36-8BC0D3E142FE";
				SDKROOT = iphoneos;
			};
			name = Debug;
		};
		25704053176CB12800642430 /* Release */ = {
			isa = XCBuildConfiguration;
			buildSettings = {
				ALWAYS_SEARCH_USER_PATHS = NO;
				CLANG_CXX_LANGUAGE_STANDARD = "gnu++0x";
				CLANG_CXX_LIBRARY = "libc++";
				CLANG_ENABLE_MODULES = YES;
				CLANG_ENABLE_OBJC_ARC = YES;
				CLANG_WARN_BOOL_CONVERSION = YES;
				CLANG_WARN_CONSTANT_CONVERSION = YES;
				CLANG_WARN_DIRECT_OBJC_ISA_USAGE = YES_ERROR;
				CLANG_WARN_EMPTY_BODY = YES;
				CLANG_WARN_ENUM_CONVERSION = YES;
				CLANG_WARN_INT_CONVERSION = YES;
				CLANG_WARN_OBJC_ROOT_CLASS = YES_ERROR;
				CLANG_WARN__DUPLICATE_METHOD_MATCH = YES;
				CODE_SIGN_IDENTITY = "";
				"CODE_SIGN_IDENTITY[sdk=iphoneos*]" = "";
				COPY_PHASE_STRIP = YES;
				ENABLE_NS_ASSERTIONS = NO;
				GCC_C_LANGUAGE_STANDARD = gnu99;
				GCC_WARN_ABOUT_RETURN_TYPE = YES_ERROR;
				GCC_WARN_UNDECLARED_SELECTOR = YES;
				GCC_WARN_UNINITIALIZED_AUTOS = YES;
				GCC_WARN_UNUSED_FUNCTION = YES;
				GCC_WARN_UNUSED_VARIABLE = YES;
				IPHONEOS_DEPLOYMENT_TARGET = 7.0;
				PROVISIONING_PROFILE = "6948D9A0-6C41-434B-BF36-8BC0D3E142FE";
				SDKROOT = iphoneos;
				VALIDATE_PRODUCT = YES;
			};
			name = Release;
		};
		25704055176CB12800642430 /* Debug */ = {
			isa = XCBuildConfiguration;
			baseConfigurationReference = 3636943419C34655B50F4EDC /* Pods.xcconfig */;
			buildSettings = {
				ASSETCATALOG_COMPILER_APPICON_NAME = AppIcon;
				ASSETCATALOG_COMPILER_LAUNCHIMAGE_NAME = LaunchImage;
				CODE_SIGN_IDENTITY = "iPhone Developer";
				"CODE_SIGN_IDENTITY[sdk=iphoneos*]" = "iPhone Developer";
				GCC_PRECOMPILE_PREFIX_HEADER = YES;
				GCC_PREFIX_HEADER = "Gamer/Gamer-Prefix.pch";
				INFOPLIST_FILE = "Gamer/Gamer-Info.plist";
				IPHONEOS_DEPLOYMENT_TARGET = 7.0;
				LIBRARY_SEARCH_PATHS = (
					"$(inherited)",
					/Users/Caio/Xcode/gamer/Gamer/Gamer,
				);
				PRODUCT_NAME = "$(TARGET_NAME)";
				PROVISIONING_PROFILE = "";
				TARGETED_DEVICE_FAMILY = "1,2";
				WRAPPER_EXTENSION = app;
			};
			name = Debug;
		};
		25704056176CB12800642430 /* Release */ = {
			isa = XCBuildConfiguration;
			baseConfigurationReference = 3636943419C34655B50F4EDC /* Pods.xcconfig */;
			buildSettings = {
				ASSETCATALOG_COMPILER_APPICON_NAME = AppIcon;
				ASSETCATALOG_COMPILER_LAUNCHIMAGE_NAME = LaunchImage;
				CODE_SIGN_IDENTITY = "iPhone Developer";
				"CODE_SIGN_IDENTITY[sdk=iphoneos*]" = "iPhone Developer";
				GCC_PRECOMPILE_PREFIX_HEADER = YES;
				GCC_PREFIX_HEADER = "Gamer/Gamer-Prefix.pch";
				INFOPLIST_FILE = "Gamer/Gamer-Info.plist";
				IPHONEOS_DEPLOYMENT_TARGET = 7.0;
				LIBRARY_SEARCH_PATHS = (
					"$(inherited)",
					/Users/Caio/Xcode/gamer/Gamer/Gamer,
				);
				PRODUCT_NAME = "$(TARGET_NAME)";
				PROVISIONING_PROFILE = "";
				TARGETED_DEVICE_FAMILY = "1,2";
				WRAPPER_EXTENSION = app;
			};
			name = Release;
		};
		25704058176CB12800642430 /* Debug */ = {
			isa = XCBuildConfiguration;
			buildSettings = {
				BUNDLE_LOADER = "$(BUILT_PRODUCTS_DIR)/Gamer.app/Gamer";
				FRAMEWORK_SEARCH_PATHS = (
					"$(SDKROOT)/Developer/Library/Frameworks",
					"$(inherited)",
					"$(SYSTEM_APPS_DIR)/Xcode5-DP.app/Contents/Developer/Library/Frameworks",
				);
				GCC_PRECOMPILE_PREFIX_HEADER = YES;
				GCC_PREFIX_HEADER = "Gamer/Gamer-Prefix.pch";
				GCC_PREPROCESSOR_DEFINITIONS = (
					"DEBUG=1",
					"$(inherited)",
				);
				INFOPLIST_FILE = "GamerTests/GamerTests-Info.plist";
				PRODUCT_NAME = "$(TARGET_NAME)";
				TEST_HOST = "$(BUNDLE_LOADER)";
				WRAPPER_EXTENSION = xctest;
			};
			name = Debug;
		};
		25704059176CB12800642430 /* Release */ = {
			isa = XCBuildConfiguration;
			buildSettings = {
				BUNDLE_LOADER = "$(BUILT_PRODUCTS_DIR)/Gamer.app/Gamer";
				FRAMEWORK_SEARCH_PATHS = (
					"$(SDKROOT)/Developer/Library/Frameworks",
					"$(inherited)",
					"$(SYSTEM_APPS_DIR)/Xcode5-DP.app/Contents/Developer/Library/Frameworks",
				);
				GCC_PRECOMPILE_PREFIX_HEADER = YES;
				GCC_PREFIX_HEADER = "Gamer/Gamer-Prefix.pch";
				INFOPLIST_FILE = "GamerTests/GamerTests-Info.plist";
				PRODUCT_NAME = "$(TARGET_NAME)";
				TEST_HOST = "$(BUNDLE_LOADER)";
				WRAPPER_EXTENSION = xctest;
			};
			name = Release;
		};
/* End XCBuildConfiguration section */

/* Begin XCConfigurationList section */
		2570401D176CB12800642430 /* Build configuration list for PBXProject "Gamer" */ = {
			isa = XCConfigurationList;
			buildConfigurations = (
				25704052176CB12800642430 /* Debug */,
				25704053176CB12800642430 /* Release */,
			);
			defaultConfigurationIsVisible = 0;
			defaultConfigurationName = Release;
		};
		25704054176CB12800642430 /* Build configuration list for PBXNativeTarget "Gamer" */ = {
			isa = XCConfigurationList;
			buildConfigurations = (
				25704055176CB12800642430 /* Debug */,
				25704056176CB12800642430 /* Release */,
			);
			defaultConfigurationIsVisible = 0;
			defaultConfigurationName = Release;
		};
		25704057176CB12800642430 /* Build configuration list for PBXNativeTarget "GamerTests" */ = {
			isa = XCConfigurationList;
			buildConfigurations = (
				25704058176CB12800642430 /* Debug */,
				25704059176CB12800642430 /* Release */,
			);
			defaultConfigurationIsVisible = 0;
			defaultConfigurationName = Release;
		};
/* End XCConfigurationList section */

/* Begin XCVersionGroup section */
		2570405D176CB55500642430 /* Model.xcdatamodeld */ = {
			isa = XCVersionGroup;
			children = (
				253B57DC182B159400617E3B /* Model 1.1.3.xcdatamodel */,
				25EE8CD218AAE828003E979E /* 1.1.6.xcdatamodel */,
				250B37E018086795009EB170 /* Model 1.1.2.xcdatamodel */,
				2506F9A217F12CC800329CF2 /* Model 1.1.xcdatamodel */,
				25AA247F1801A25C00106772 /* Model 1.1.1.xcdatamodel */,
				2570405E176CB55500642430 /* Model.xcdatamodel */,
			);
			currentVersion = 25EE8CD218AAE828003E979E /* 1.1.6.xcdatamodel */;
			path = Model.xcdatamodeld;
			sourceTree = "<group>";
			versionGroupType = wrapper.xcdatamodel;
		};
/* End XCVersionGroup section */
	};
	rootObject = 2570401A176CB12800642430 /* Project object */;
}
